
Microsoft Visual Studio Solution File, Format Version 12.00
# Visual Studio Version 16
VisualStudioVersion = 16.0.30114.105
MinimumVisualStudioVersion = 10.0.40219.1
Project("{FAE04EC0-301F-11D3-BF4B-00C04F79EFBC}") = "TodoApi", "TodoApi\TodoApi.csproj", "{5A28E644-7C88-4981-B6AF-508A3E4AD076}"
EndProject
Global
	GlobalSection(SolutionConfigurationPlatforms) = preSolution
		Debug|Any CPU = Debug|Any CPU
		Release|Any CPU = Release|Any CPU
	EndGlobalSection
	GlobalSection(ProjectConfigurationPlatforms) = postSolution
		{5A28E644-7C88-4981-B6AF-508A3E4AD076}.Debug|Any CPU.ActiveCfg = Debug|Any CPU
		{5A28E644-7C88-4981-B6AF-508A3E4AD076}.Debug|Any CPU.Build.0 = Debug|Any CPU
		{5A28E644-7C88-4981-B6AF-508A3E4AD076}.Release|Any CPU.ActiveCfg = Release|Any CPU
		{5A28E644-7C88-4981-B6AF-508A3E4AD076}.Release|Any CPU.Build.0 = Release|Any CPU
	EndGlobalSection
	GlobalSection(SolutionProperties) = preSolution
		HideSolutionNode = FALSE
	EndGlobalSection
	GlobalSection(ExtensibilityGlobals) = postSolution
		SolutionGuid = {9B597DDC-1EBB-466D-BB0B-3F92A1D09CC5}
	EndGlobalSection
EndGlobal
